
Microsoft Visual Studio Solution File, Format Version 12.00
# Visual Studio 15
VisualStudioVersion = 15.0.27428.1
MinimumVisualStudioVersion = 10.0.40219.1
Project("{FAE04EC0-301F-11D3-BF4B-00C04F79EFBC}") = "Chaos", "Chaos\Chaos.csproj", "{032C0163-368F-4D73-9542-C265BE0F94DB}"
EndProject
Project("{FAE04EC0-301F-11D3-BF4B-00C04F79EFBC}") = "Chaos.Networking", "Chaos.Networking\Chaos.Networking.csproj", "{934803CE-21CE-4A09-9D93-EECB6D4DC77E}"
EndProject
Project("{FAE04EC0-301F-11D3-BF4B-00C04F79EFBC}") = "Chaos.Cryptography", "Chaos.Cryptography\Chaos.Cryptography.csproj", "{44C0DAB4-A136-4BEE-B587-23EE691B0AD3}"
EndProject
Project("{FAE04EC0-301F-11D3-BF4B-00C04F79EFBC}") = "Chaos.Core", "Chaos.Core\Chaos.Core.csproj", "{20BEEA52-A9B7-4108-A07B-F7BADC6028DD}"
EndProject
Project("{FAE04EC0-301F-11D3-BF4B-00C04F79EFBC}") = "Chaos.Packets", "Chaos.Packets\Chaos.Packets.csproj", "{0FB831B3-5628-4656-B6E4-50BBFE76BE13}"
EndProject
Project("{2150E333-8FDC-42A3-9474-1A3956D46DE8}") = "Tools", "Tools", "{698D32AB-9BC9-4B0A-B5DD-19D98C0358DB}"
EndProject
Project("{FAE04EC0-301F-11D3-BF4B-00C04F79EFBC}") = "Benchmarks", "Tools\Benchmarks\Benchmarks.csproj", "{CAF46A23-C840-4278-BEF3-A65C4D51806C}"
EndProject
Project("{FAE04EC0-301F-11D3-BF4B-00C04F79EFBC}") = "MapTemplateGenerator", "Tools\MapTemplateGenerator\MapTemplateGenerator.csproj", "{73869C61-CE28-4934-9A03-C33B6CACE5F2}"
EndProject
Project("{2150E333-8FDC-42A3-9474-1A3956D46DE8}") = "Tests", "Tests", "{FB65EF42-92F0-49AF-B22C-72B1725098DA}"
EndProject
Project("{FAE04EC0-301F-11D3-BF4B-00C04F79EFBC}") = "Experiments", "Tests\Experiments\Experiments.csproj", "{E2E4C420-1801-4CF8-B5E2-1AFDF9B845CA}"
EndProject
Project("{FAE04EC0-301F-11D3-BF4B-00C04F79EFBC}") = "Chaos.Tests", "Tests\Chaos.Tests\Chaos.Tests.csproj", "{02766DC1-4AA3-4454-B373-B717B46D5EFC}"
EndProject
Project("{FAE04EC0-301F-11D3-BF4B-00C04F79EFBC}") = "Chaos.Networking.Tests", "Tests\Chaos.Networking.Tests\Chaos.Networking.Tests.csproj", "{3B41579D-99A2-40DA-998F-8453AC96C2B7}"
EndProject
Project("{FAE04EC0-301F-11D3-BF4B-00C04F79EFBC}") = "Chaos.Geometry", "Chaos.Geometry\Chaos.Geometry.csproj", "{C676580E-11F0-4CB4-AEC3-6E6A7115B179}"
EndProject
Project("{FAE04EC0-301F-11D3-BF4B-00C04F79EFBC}") = "Chaos.IO", "Chaos.IO\Chaos.IO.csproj", "{9C0CE93D-BD0C-4301-B799-9EF42EF23307}"
EndProject
Project("{FAE04EC0-301F-11D3-BF4B-00C04F79EFBC}") = "Chaos.Time", "Chaos.Time\Chaos.Time.csproj", "{60C2C6D3-C22F-46D1-BC8F-722B926BD6A3}"
EndProject
Project("{FAE04EC0-301F-11D3-BF4B-00C04F79EFBC}") = "Chaos.Pathfinding", "Chaos.Pathfinding\Chaos.Pathfinding.csproj", "{4EFE455B-61DB-43EF-9842-C6852AB7917C}"
EndProject
Global
	GlobalSection(SolutionConfigurationPlatforms) = preSolution
		Debug|Any CPU = Debug|Any CPU
		Release|Any CPU = Release|Any CPU
	EndGlobalSection
	GlobalSection(ProjectConfigurationPlatforms) = postSolution
		{032C0163-368F-4D73-9542-C265BE0F94DB}.Debug|Any CPU.ActiveCfg = Debug|Any CPU
		{032C0163-368F-4D73-9542-C265BE0F94DB}.Debug|Any CPU.Build.0 = Debug|Any CPU
		{032C0163-368F-4D73-9542-C265BE0F94DB}.Release|Any CPU.ActiveCfg = Release|Any CPU
		{032C0163-368F-4D73-9542-C265BE0F94DB}.Release|Any CPU.Build.0 = Release|Any CPU
		{934803CE-21CE-4A09-9D93-EECB6D4DC77E}.Debug|Any CPU.ActiveCfg = Debug|Any CPU
		{934803CE-21CE-4A09-9D93-EECB6D4DC77E}.Debug|Any CPU.Build.0 = Debug|Any CPU
		{934803CE-21CE-4A09-9D93-EECB6D4DC77E}.Release|Any CPU.ActiveCfg = Release|Any CPU
		{934803CE-21CE-4A09-9D93-EECB6D4DC77E}.Release|Any CPU.Build.0 = Release|Any CPU
		{44C0DAB4-A136-4BEE-B587-23EE691B0AD3}.Debug|Any CPU.ActiveCfg = Debug|Any CPU
		{44C0DAB4-A136-4BEE-B587-23EE691B0AD3}.Debug|Any CPU.Build.0 = Debug|Any CPU
		{44C0DAB4-A136-4BEE-B587-23EE691B0AD3}.Release|Any CPU.ActiveCfg = Release|Any CPU
		{44C0DAB4-A136-4BEE-B587-23EE691B0AD3}.Release|Any CPU.Build.0 = Release|Any CPU
		{20BEEA52-A9B7-4108-A07B-F7BADC6028DD}.Debug|Any CPU.ActiveCfg = Debug|Any CPU
		{20BEEA52-A9B7-4108-A07B-F7BADC6028DD}.Debug|Any CPU.Build.0 = Debug|Any CPU
		{20BEEA52-A9B7-4108-A07B-F7BADC6028DD}.Release|Any CPU.ActiveCfg = Release|Any CPU
		{20BEEA52-A9B7-4108-A07B-F7BADC6028DD}.Release|Any CPU.Build.0 = Release|Any CPU
		{0FB831B3-5628-4656-B6E4-50BBFE76BE13}.Debug|Any CPU.ActiveCfg = Debug|Any CPU
		{0FB831B3-5628-4656-B6E4-50BBFE76BE13}.Debug|Any CPU.Build.0 = Debug|Any CPU
		{0FB831B3-5628-4656-B6E4-50BBFE76BE13}.Release|Any CPU.ActiveCfg = Release|Any CPU
		{0FB831B3-5628-4656-B6E4-50BBFE76BE13}.Release|Any CPU.Build.0 = Release|Any CPU
		{CAF46A23-C840-4278-BEF3-A65C4D51806C}.Debug|Any CPU.ActiveCfg = Debug|Any CPU
		{CAF46A23-C840-4278-BEF3-A65C4D51806C}.Debug|Any CPU.Build.0 = Debug|Any CPU
		{CAF46A23-C840-4278-BEF3-A65C4D51806C}.Release|Any CPU.ActiveCfg = Release|Any CPU
		{CAF46A23-C840-4278-BEF3-A65C4D51806C}.Release|Any CPU.Build.0 = Release|Any CPU
		{73869C61-CE28-4934-9A03-C33B6CACE5F2}.Debug|Any CPU.ActiveCfg = Debug|Any CPU
		{73869C61-CE28-4934-9A03-C33B6CACE5F2}.Debug|Any CPU.Build.0 = Debug|Any CPU
		{73869C61-CE28-4934-9A03-C33B6CACE5F2}.Release|Any CPU.ActiveCfg = Release|Any CPU
		{73869C61-CE28-4934-9A03-C33B6CACE5F2}.Release|Any CPU.Build.0 = Release|Any CPU
		{E2E4C420-1801-4CF8-B5E2-1AFDF9B845CA}.Debug|Any CPU.ActiveCfg = Debug|Any CPU
		{E2E4C420-1801-4CF8-B5E2-1AFDF9B845CA}.Debug|Any CPU.Build.0 = Debug|Any CPU
		{E2E4C420-1801-4CF8-B5E2-1AFDF9B845CA}.Release|Any CPU.ActiveCfg = Release|Any CPU
		{E2E4C420-1801-4CF8-B5E2-1AFDF9B845CA}.Release|Any CPU.Build.0 = Release|Any CPU
		{02766DC1-4AA3-4454-B373-B717B46D5EFC}.Debug|Any CPU.ActiveCfg = Debug|Any CPU
		{02766DC1-4AA3-4454-B373-B717B46D5EFC}.Debug|Any CPU.Build.0 = Debug|Any CPU
		{02766DC1-4AA3-4454-B373-B717B46D5EFC}.Release|Any CPU.ActiveCfg = Release|Any CPU
		{02766DC1-4AA3-4454-B373-B717B46D5EFC}.Release|Any CPU.Build.0 = Release|Any CPU
		{3B41579D-99A2-40DA-998F-8453AC96C2B7}.Debug|Any CPU.ActiveCfg = Debug|Any CPU
		{3B41579D-99A2-40DA-998F-8453AC96C2B7}.Debug|Any CPU.Build.0 = Debug|Any CPU
		{3B41579D-99A2-40DA-998F-8453AC96C2B7}.Release|Any CPU.ActiveCfg = Release|Any CPU
		{3B41579D-99A2-40DA-998F-8453AC96C2B7}.Release|Any CPU.Build.0 = Release|Any CPU
		{C676580E-11F0-4CB4-AEC3-6E6A7115B179}.Debug|Any CPU.ActiveCfg = Debug|Any CPU
		{C676580E-11F0-4CB4-AEC3-6E6A7115B179}.Debug|Any CPU.Build.0 = Debug|Any CPU
		{C676580E-11F0-4CB4-AEC3-6E6A7115B179}.Release|Any CPU.ActiveCfg = Release|Any CPU
		{C676580E-11F0-4CB4-AEC3-6E6A7115B179}.Release|Any CPU.Build.0 = Release|Any CPU
		{9C0CE93D-BD0C-4301-B799-9EF42EF23307}.Debug|Any CPU.ActiveCfg = Debug|Any CPU
		{9C0CE93D-BD0C-4301-B799-9EF42EF23307}.Debug|Any CPU.Build.0 = Debug|Any CPU
		{9C0CE93D-BD0C-4301-B799-9EF42EF23307}.Release|Any CPU.ActiveCfg = Release|Any CPU
		{9C0CE93D-BD0C-4301-B799-9EF42EF23307}.Release|Any CPU.Build.0 = Release|Any CPU
		{60C2C6D3-C22F-46D1-BC8F-722B926BD6A3}.Debug|Any CPU.ActiveCfg = Debug|Any CPU
		{60C2C6D3-C22F-46D1-BC8F-722B926BD6A3}.Debug|Any CPU.Build.0 = Debug|Any CPU
		{60C2C6D3-C22F-46D1-BC8F-722B926BD6A3}.Release|Any CPU.ActiveCfg = Release|Any CPU
		{60C2C6D3-C22F-46D1-BC8F-722B926BD6A3}.Release|Any CPU.Build.0 = Release|Any CPU
		{4EFE455B-61DB-43EF-9842-C6852AB7917C}.Debug|Any CPU.ActiveCfg = Debug|Any CPU
		{4EFE455B-61DB-43EF-9842-C6852AB7917C}.Debug|Any CPU.Build.0 = Debug|Any CPU
		{4EFE455B-61DB-43EF-9842-C6852AB7917C}.Release|Any CPU.ActiveCfg = Release|Any CPU
		{4EFE455B-61DB-43EF-9842-C6852AB7917C}.Release|Any CPU.Build.0 = Release|Any CPU
	EndGlobalSection
	GlobalSection(SolutionProperties) = preSolution
		HideSolutionNode = FALSE
	EndGlobalSection
	GlobalSection(ExtensibilityGlobals) = postSolution
		SolutionGuid = {E9D1AB2B-1092-4016-9968-D0B2416CB186}
	EndGlobalSection
	GlobalSection(NestedProjects) = preSolution
		{CAF46A23-C840-4278-BEF3-A65C4D51806C} = {698D32AB-9BC9-4B0A-B5DD-19D98C0358DB}
		{73869C61-CE28-4934-9A03-C33B6CACE5F2} = {698D32AB-9BC9-4B0A-B5DD-19D98C0358DB}
		{E2E4C420-1801-4CF8-B5E2-1AFDF9B845CA} = {FB65EF42-92F0-49AF-B22C-72B1725098DA}
		{02766DC1-4AA3-4454-B373-B717B46D5EFC} = {FB65EF42-92F0-49AF-B22C-72B1725098DA}
		{3B41579D-99A2-40DA-998F-8453AC96C2B7} = {FB65EF42-92F0-49AF-B22C-72B1725098DA}
	EndGlobalSection
EndGlobal
