
Microsoft Visual Studio Solution File, Format Version 12.00
# Visual Studio 15
VisualStudioVersion = 15.0.27428.1
MinimumVisualStudioVersion = 10.0.40219.1
Project("{FAE04EC0-301F-11D3-BF4B-00C04F79EFBC}") = "Chaos", "Chaos\Chaos.csproj", "{032C0163-368F-4D73-9542-C265BE0F94DB}"
EndProject
Project("{2150E333-8FDC-42A3-9474-1A3956D46DE8}") = "Solution Items", "Solution Items", "{3AEF97B3-FA2D-4EE8-9971-CE1CE655ECD2}"
EndProject
Project("{FAE04EC0-301F-11D3-BF4B-00C04F79EFBC}") = "Chaos.Networking", "Chaos.Networking\Chaos.Networking.csproj", "{934803CE-21CE-4A09-9D93-EECB6D4DC77E}"
EndProject
Project("{FAE04EC0-301F-11D3-BF4B-00C04F79EFBC}") = "Chaos.Cryptography", "Chaos.Cryptography\Chaos.Cryptography.csproj", "{44C0DAB4-A136-4BEE-B587-23EE691B0AD3}"
EndProject
Project("{FAE04EC0-301F-11D3-BF4B-00C04F79EFBC}") = "Chaos.Core", "Chaos.Core\Chaos.Core.csproj", "{20BEEA52-A9B7-4108-A07B-F7BADC6028DD}"
EndProject
Project("{FAE04EC0-301F-11D3-BF4B-00C04F79EFBC}") = "Chaos.Packets", "Chaos.Packets\Chaos.Packets.csproj", "{0FB831B3-5628-4656-B6E4-50BBFE76BE13}"
EndProject
Project("{2150E333-8FDC-42A3-9474-1A3956D46DE8}") = "Tools", "Tools", "{D93796A9-3ADA-46EB-BD23-C234266854BF}"
EndProject
Project("{FAE04EC0-301F-11D3-BF4B-00C04F79EFBC}") = "Benchmarks", "Benchmarks\Benchmarks.csproj", "{ECF71B5E-A957-455B-914E-93F0D6EFCBCF}"
EndProject
Project("{2150E333-8FDC-42A3-9474-1A3956D46DE8}") = "Tests", "Tests", "{CD478127-DC12-4F80-AE70-16F73EB04842}"
EndProject
Project("{FAE04EC0-301F-11D3-BF4B-00C04F79EFBC}") = "Chaos.Networking.Tests", "Chaos.Networking.Tests\Chaos.Networking.Tests.csproj", "{94825062-ADDE-48B0-A560-9944AEBB4816}"
EndProject
Project("{FAE04EC0-301F-11D3-BF4B-00C04F79EFBC}") = "Experiments", "Experiments\Experiments.csproj", "{5808DCBD-421E-4040-97C8-74C3840E2DEF}"
EndProject
Project("{FAE04EC0-301F-11D3-BF4B-00C04F79EFBC}") = "MapTemplateGenerator", "MapTemplateGenerator\MapTemplateGenerator.csproj", "{46A6093E-BCBE-4326-A3D2-3E07983D1893}"
EndProject
Project("{FAE04EC0-301F-11D3-BF4B-00C04F79EFBC}") = "Chaos.Tests", "Chaos.Tests\Chaos.Tests.csproj", "{C5908D5B-5D1E-42E0-984B-96001E97D0EF}"
EndProject
Global
	GlobalSection(SolutionConfigurationPlatforms) = preSolution
		Debug|Any CPU = Debug|Any CPU
		Release|Any CPU = Release|Any CPU
	EndGlobalSection
	GlobalSection(ProjectConfigurationPlatforms) = postSolution
		{032C0163-368F-4D73-9542-C265BE0F94DB}.Debug|Any CPU.ActiveCfg = Debug|Any CPU
		{032C0163-368F-4D73-9542-C265BE0F94DB}.Debug|Any CPU.Build.0 = Debug|Any CPU
		{032C0163-368F-4D73-9542-C265BE0F94DB}.Release|Any CPU.ActiveCfg = Release|Any CPU
		{032C0163-368F-4D73-9542-C265BE0F94DB}.Release|Any CPU.Build.0 = Release|Any CPU
		{934803CE-21CE-4A09-9D93-EECB6D4DC77E}.Debug|Any CPU.ActiveCfg = Debug|Any CPU
		{934803CE-21CE-4A09-9D93-EECB6D4DC77E}.Debug|Any CPU.Build.0 = Debug|Any CPU
		{934803CE-21CE-4A09-9D93-EECB6D4DC77E}.Release|Any CPU.ActiveCfg = Release|Any CPU
		{934803CE-21CE-4A09-9D93-EECB6D4DC77E}.Release|Any CPU.Build.0 = Release|Any CPU
		{44C0DAB4-A136-4BEE-B587-23EE691B0AD3}.Debug|Any CPU.ActiveCfg = Debug|Any CPU
		{44C0DAB4-A136-4BEE-B587-23EE691B0AD3}.Debug|Any CPU.Build.0 = Debug|Any CPU
		{44C0DAB4-A136-4BEE-B587-23EE691B0AD3}.Release|Any CPU.ActiveCfg = Release|Any CPU
		{44C0DAB4-A136-4BEE-B587-23EE691B0AD3}.Release|Any CPU.Build.0 = Release|Any CPU
		{20BEEA52-A9B7-4108-A07B-F7BADC6028DD}.Debug|Any CPU.ActiveCfg = Debug|Any CPU
		{20BEEA52-A9B7-4108-A07B-F7BADC6028DD}.Debug|Any CPU.Build.0 = Debug|Any CPU
		{20BEEA52-A9B7-4108-A07B-F7BADC6028DD}.Release|Any CPU.ActiveCfg = Release|Any CPU
		{20BEEA52-A9B7-4108-A07B-F7BADC6028DD}.Release|Any CPU.Build.0 = Release|Any CPU
		{0FB831B3-5628-4656-B6E4-50BBFE76BE13}.Debug|Any CPU.ActiveCfg = Debug|Any CPU
		{0FB831B3-5628-4656-B6E4-50BBFE76BE13}.Debug|Any CPU.Build.0 = Debug|Any CPU
		{0FB831B3-5628-4656-B6E4-50BBFE76BE13}.Release|Any CPU.ActiveCfg = Release|Any CPU
		{0FB831B3-5628-4656-B6E4-50BBFE76BE13}.Release|Any CPU.Build.0 = Release|Any CPU
		{ECF71B5E-A957-455B-914E-93F0D6EFCBCF}.Debug|Any CPU.ActiveCfg = Debug|Any CPU
		{ECF71B5E-A957-455B-914E-93F0D6EFCBCF}.Release|Any CPU.ActiveCfg = Release|Any CPU
		{ECF71B5E-A957-455B-914E-93F0D6EFCBCF}.Release|Any CPU.Build.0 = Release|Any CPU
		{94825062-ADDE-48B0-A560-9944AEBB4816}.Debug|Any CPU.ActiveCfg = Debug|Any CPU
		{94825062-ADDE-48B0-A560-9944AEBB4816}.Release|Any CPU.ActiveCfg = Release|Any CPU
		{94825062-ADDE-48B0-A560-9944AEBB4816}.Release|Any CPU.Build.0 = Release|Any CPU
		{5808DCBD-421E-4040-97C8-74C3840E2DEF}.Debug|Any CPU.ActiveCfg = Debug|Any CPU
		{5808DCBD-421E-4040-97C8-74C3840E2DEF}.Release|Any CPU.ActiveCfg = Release|Any CPU
		{5808DCBD-421E-4040-97C8-74C3840E2DEF}.Release|Any CPU.Build.0 = Release|Any CPU
		{46A6093E-BCBE-4326-A3D2-3E07983D1893}.Debug|Any CPU.ActiveCfg = Debug|Any CPU
		{46A6093E-BCBE-4326-A3D2-3E07983D1893}.Release|Any CPU.ActiveCfg = Release|Any CPU
		{46A6093E-BCBE-4326-A3D2-3E07983D1893}.Release|Any CPU.Build.0 = Release|Any CPU
		{C5908D5B-5D1E-42E0-984B-96001E97D0EF}.Debug|Any CPU.ActiveCfg = Debug|Any CPU
		{C5908D5B-5D1E-42E0-984B-96001E97D0EF}.Debug|Any CPU.Build.0 = Debug|Any CPU
		{C5908D5B-5D1E-42E0-984B-96001E97D0EF}.Release|Any CPU.ActiveCfg = Release|Any CPU
		{C5908D5B-5D1E-42E0-984B-96001E97D0EF}.Release|Any CPU.Build.0 = Release|Any CPU
	EndGlobalSection
	GlobalSection(SolutionProperties) = preSolution
		HideSolutionNode = FALSE
	EndGlobalSection
	GlobalSection(ExtensibilityGlobals) = postSolution
		SolutionGuid = {E9D1AB2B-1092-4016-9968-D0B2416CB186}
	EndGlobalSection
	GlobalSection(NestedProjects) = preSolution
		{ECF71B5E-A957-455B-914E-93F0D6EFCBCF} = {D93796A9-3ADA-46EB-BD23-C234266854BF}
		{94825062-ADDE-48B0-A560-9944AEBB4816} = {CD478127-DC12-4F80-AE70-16F73EB04842}
		{5808DCBD-421E-4040-97C8-74C3840E2DEF} = {CD478127-DC12-4F80-AE70-16F73EB04842}
		{46A6093E-BCBE-4326-A3D2-3E07983D1893} = {D93796A9-3ADA-46EB-BD23-C234266854BF}
		{C5908D5B-5D1E-42E0-984B-96001E97D0EF} = {CD478127-DC12-4F80-AE70-16F73EB04842}
	EndGlobalSection
EndGlobal
